
Microsoft Visual Studio Solution File, Format Version 12.00
# Visual Studio Version 17
VisualStudioVersion = 17.4.33213.308
MinimumVisualStudioVersion = 10.0.40219.1
Project("{FAE04EC0-301F-11D3-BF4B-00C04F79EFBC}") = "Examples", "Examples.csproj", "{8BA22BBB-2245-4921-B883-98506A2EC109}"
EndProject
Global
	GlobalSection(SolutionConfigurationPlatforms) = preSolution
		Debug|Any CPU = Debug|Any CPU
		Release|Any CPU = Release|Any CPU
	EndGlobalSection
	GlobalSection(ProjectConfigurationPlatforms) = postSolution
		{8BA22BBB-2245-4921-B883-98506A2EC109}.Debug|Any CPU.ActiveCfg = Debug|Any CPU
		{8BA22BBB-2245-4921-B883-98506A2EC109}.Debug|Any CPU.Build.0 = Debug|Any CPU
		{8BA22BBB-2245-4921-B883-98506A2EC109}.Release|Any CPU.ActiveCfg = Release|Any CPU
		{8BA22BBB-2245-4921-B883-98506A2EC109}.Release|Any CPU.Build.0 = Release|Any CPU
	EndGlobalSection
	GlobalSection(SolutionProperties) = preSolution
		HideSolutionNode = FALSE
	EndGlobalSection
	GlobalSection(ExtensibilityGlobals) = postSolution
		SolutionGuid = {69B9E9FB-2E9E-443D-B958-764D2725467F}
	EndGlobalSection
EndGlobal
